// !$*UTF8*$!
{
	archiveVersion = 1;
	classes = {
	};
	objectVersion = 50;
	objects = {

/* Begin PBXBuildFile section */
		75B1D7782465C8FC004FC9A8 /* SettingsViewController.swift in Sources */ = {isa = PBXBuildFile; fileRef = 75B1D7772465C8FC004FC9A8 /* SettingsViewController.swift */; };
		75F512182325890D007CDE25 /* AppDelegate.swift in Sources */ = {isa = PBXBuildFile; fileRef = 75F512172325890D007CDE25 /* AppDelegate.swift */; };
		75F5121A2325890D007CDE25 /* ViewController.swift in Sources */ = {isa = PBXBuildFile; fileRef = 75F512192325890D007CDE25 /* ViewController.swift */; };
		75F5121D2325890D007CDE25 /* Main.storyboard in Resources */ = {isa = PBXBuildFile; fileRef = 75F5121B2325890D007CDE25 /* Main.storyboard */; };
		75F5121F2325890E007CDE25 /* Assets.xcassets in Resources */ = {isa = PBXBuildFile; fileRef = 75F5121E2325890E007CDE25 /* Assets.xcassets */; };
		75F512222325890E007CDE25 /* LaunchScreen.storyboard in Resources */ = {isa = PBXBuildFile; fileRef = 75F512202325890E007CDE25 /* LaunchScreen.storyboard */; };
		75F5122D2325890E007CDE25 /* SIGTests.swift in Sources */ = {isa = PBXBuildFile; fileRef = 75F5122C2325890E007CDE25 /* SIGTests.swift */; };
		75F512382325890E007CDE25 /* SIGUITests.swift in Sources */ = {isa = PBXBuildFile; fileRef = 75F512372325890E007CDE25 /* SIGUITests.swift */; };
/* End PBXBuildFile section */

/* Begin PBXContainerItemProxy section */
		75F512292325890E007CDE25 /* PBXContainerItemProxy */ = {
			isa = PBXContainerItemProxy;
			containerPortal = 75F5120C2325890D007CDE25 /* Project object */;
			proxyType = 1;
			remoteGlobalIDString = 75F512132325890D007CDE25;
			remoteInfo = SIG;
		};
		75F512342325890E007CDE25 /* PBXContainerItemProxy */ = {
			isa = PBXContainerItemProxy;
			containerPortal = 75F5120C2325890D007CDE25 /* Project object */;
			proxyType = 1;
			remoteGlobalIDString = 75F512132325890D007CDE25;
			remoteInfo = SIG;
		};
/* End PBXContainerItemProxy section */

/* Begin PBXFileReference section */
		75B1D7772465C8FC004FC9A8 /* SettingsViewController.swift */ = {isa = PBXFileReference; lastKnownFileType = sourcecode.swift; path = SettingsViewController.swift; sourceTree = "<group>"; };
		75F512142325890D007CDE25 /* SIG.app */ = {isa = PBXFileReference; explicitFileType = wrapper.application; includeInIndex = 0; path = SIG.app; sourceTree = BUILT_PRODUCTS_DIR; };
		75F512172325890D007CDE25 /* AppDelegate.swift */ = {isa = PBXFileReference; lastKnownFileType = sourcecode.swift; path = AppDelegate.swift; sourceTree = "<group>"; };
		75F512192325890D007CDE25 /* ViewController.swift */ = {isa = PBXFileReference; lastKnownFileType = sourcecode.swift; path = ViewController.swift; sourceTree = "<group>"; };
		75F5121C2325890D007CDE25 /* Base */ = {isa = PBXFileReference; lastKnownFileType = file.storyboard; name = Base; path = Base.lproj/Main.storyboard; sourceTree = "<group>"; };
		75F5121E2325890E007CDE25 /* Assets.xcassets */ = {isa = PBXFileReference; lastKnownFileType = folder.assetcatalog; path = Assets.xcassets; sourceTree = "<group>"; };
		75F512212325890E007CDE25 /* Base */ = {isa = PBXFileReference; lastKnownFileType = file.storyboard; name = Base; path = Base.lproj/LaunchScreen.storyboard; sourceTree = "<group>"; };
		75F512232325890E007CDE25 /* Info.plist */ = {isa = PBXFileReference; lastKnownFileType = text.plist.xml; path = Info.plist; sourceTree = "<group>"; };
		75F512282325890E007CDE25 /* SIGTests.xctest */ = {isa = PBXFileReference; explicitFileType = wrapper.cfbundle; includeInIndex = 0; path = SIGTests.xctest; sourceTree = BUILT_PRODUCTS_DIR; };
		75F5122C2325890E007CDE25 /* SIGTests.swift */ = {isa = PBXFileReference; lastKnownFileType = sourcecode.swift; path = SIGTests.swift; sourceTree = "<group>"; };
		75F5122E2325890E007CDE25 /* Info.plist */ = {isa = PBXFileReference; lastKnownFileType = text.plist.xml; path = Info.plist; sourceTree = "<group>"; };
		75F512332325890E007CDE25 /* SIGUITests.xctest */ = {isa = PBXFileReference; explicitFileType = wrapper.cfbundle; includeInIndex = 0; path = SIGUITests.xctest; sourceTree = BUILT_PRODUCTS_DIR; };
		75F512372325890E007CDE25 /* SIGUITests.swift */ = {isa = PBXFileReference; lastKnownFileType = sourcecode.swift; path = SIGUITests.swift; sourceTree = "<group>"; };
		75F512392325890E007CDE25 /* Info.plist */ = {isa = PBXFileReference; lastKnownFileType = text.plist.xml; path = Info.plist; sourceTree = "<group>"; };
/* End PBXFileReference section */

/* Begin PBXFrameworksBuildPhase section */
		75F512112325890D007CDE25 /* Frameworks */ = {
			isa = PBXFrameworksBuildPhase;
			buildActionMask = 2147483647;
			files = (
			);
			runOnlyForDeploymentPostprocessing = 0;
		};
		75F512252325890E007CDE25 /* Frameworks */ = {
			isa = PBXFrameworksBuildPhase;
			buildActionMask = 2147483647;
			files = (
			);
			runOnlyForDeploymentPostprocessing = 0;
		};
		75F512302325890E007CDE25 /* Frameworks */ = {
			isa = PBXFrameworksBuildPhase;
			buildActionMask = 2147483647;
			files = (
			);
			runOnlyForDeploymentPostprocessing = 0;
		};
/* End PBXFrameworksBuildPhase section */

/* Begin PBXGroup section */
		75F5120B2325890D007CDE25 = {
			isa = PBXGroup;
			children = (
				75F512162325890D007CDE25 /* SIG */,
				75F5122B2325890E007CDE25 /* SIGTests */,
				75F512362325890E007CDE25 /* SIGUITests */,
				75F512152325890D007CDE25 /* Products */,
			);
			sourceTree = "<group>";
		};
		75F512152325890D007CDE25 /* Products */ = {
			isa = PBXGroup;
			children = (
				75F512142325890D007CDE25 /* SIG.app */,
				75F512282325890E007CDE25 /* SIGTests.xctest */,
				75F512332325890E007CDE25 /* SIGUITests.xctest */,
			);
			name = Products;
			sourceTree = "<group>";
		};
		75F512162325890D007CDE25 /* SIG */ = {
			isa = PBXGroup;
			children = (
				75F512172325890D007CDE25 /* AppDelegate.swift */,
				75F512192325890D007CDE25 /* ViewController.swift */,
				75B1D7772465C8FC004FC9A8 /* SettingsViewController.swift */,
				75F5121B2325890D007CDE25 /* Main.storyboard */,
				75F5121E2325890E007CDE25 /* Assets.xcassets */,
				75F512202325890E007CDE25 /* LaunchScreen.storyboard */,
				75F512232325890E007CDE25 /* Info.plist */,
			);
			path = SIG;
			sourceTree = "<group>";
		};
		75F5122B2325890E007CDE25 /* SIGTests */ = {
			isa = PBXGroup;
			children = (
				75F5122C2325890E007CDE25 /* SIGTests.swift */,
				75F5122E2325890E007CDE25 /* Info.plist */,
			);
			path = SIGTests;
			sourceTree = "<group>";
		};
		75F512362325890E007CDE25 /* SIGUITests */ = {
			isa = PBXGroup;
			children = (
				75F512372325890E007CDE25 /* SIGUITests.swift */,
				75F512392325890E007CDE25 /* Info.plist */,
			);
			path = SIGUITests;
			sourceTree = "<group>";
		};
/* End PBXGroup section */

/* Begin PBXNativeTarget section */
		75F512132325890D007CDE25 /* SIG */ = {
			isa = PBXNativeTarget;
			buildConfigurationList = 75F5123C2325890E007CDE25 /* Build configuration list for PBXNativeTarget "SIG" */;
			buildPhases = (
				75F512102325890D007CDE25 /* Sources */,
				75F512112325890D007CDE25 /* Frameworks */,
				75F512122325890D007CDE25 /* Resources */,
			);
			buildRules = (
			);
			dependencies = (
			);
			name = SIG;
			productName = SIG;
			productReference = 75F512142325890D007CDE25 /* SIG.app */;
			productType = "com.apple.product-type.application";
		};
		75F512272325890E007CDE25 /* SIGTests */ = {
			isa = PBXNativeTarget;
			buildConfigurationList = 75F5123F2325890E007CDE25 /* Build configuration list for PBXNativeTarget "SIGTests" */;
			buildPhases = (
				75F512242325890E007CDE25 /* Sources */,
				75F512252325890E007CDE25 /* Frameworks */,
				75F512262325890E007CDE25 /* Resources */,
			);
			buildRules = (
			);
			dependencies = (
				75F5122A2325890E007CDE25 /* PBXTargetDependency */,
			);
			name = SIGTests;
			productName = SIGTests;
			productReference = 75F512282325890E007CDE25 /* SIGTests.xctest */;
			productType = "com.apple.product-type.bundle.unit-test";
		};
		75F512322325890E007CDE25 /* SIGUITests */ = {
			isa = PBXNativeTarget;
			buildConfigurationList = 75F512422325890E007CDE25 /* Build configuration list for PBXNativeTarget "SIGUITests" */;
			buildPhases = (
				75F5122F2325890E007CDE25 /* Sources */,
				75F512302325890E007CDE25 /* Frameworks */,
				75F512312325890E007CDE25 /* Resources */,
			);
			buildRules = (
			);
			dependencies = (
				75F512352325890E007CDE25 /* PBXTargetDependency */,
			);
			name = SIGUITests;
			productName = SIGUITests;
			productReference = 75F512332325890E007CDE25 /* SIGUITests.xctest */;
			productType = "com.apple.product-type.bundle.ui-testing";
		};
/* End PBXNativeTarget section */

/* Begin PBXProject section */
		75F5120C2325890D007CDE25 /* Project object */ = {
			isa = PBXProject;
			attributes = {
				LastSwiftUpdateCheck = 1030;
				LastUpgradeCheck = 1030;
				ORGANIZATIONNAME = "Novak Software Development";
				TargetAttributes = {
					75F512132325890D007CDE25 = {
						CreatedOnToolsVersion = 10.3;
					};
					75F512272325890E007CDE25 = {
						CreatedOnToolsVersion = 10.3;
						TestTargetID = 75F512132325890D007CDE25;
					};
					75F512322325890E007CDE25 = {
						CreatedOnToolsVersion = 10.3;
						TestTargetID = 75F512132325890D007CDE25;
					};
				};
			};
			buildConfigurationList = 75F5120F2325890D007CDE25 /* Build configuration list for PBXProject "SIG" */;
			compatibilityVersion = "Xcode 9.3";
			developmentRegion = en;
			hasScannedForEncodings = 0;
			knownRegions = (
				en,
				Base,
			);
			mainGroup = 75F5120B2325890D007CDE25;
			productRefGroup = 75F512152325890D007CDE25 /* Products */;
			projectDirPath = "";
			projectRoot = "";
			targets = (
				75F512132325890D007CDE25 /* SIG */,
				75F512272325890E007CDE25 /* SIGTests */,
				75F512322325890E007CDE25 /* SIGUITests */,
			);
		};
/* End PBXProject section */

/* Begin PBXResourcesBuildPhase section */
		75F512122325890D007CDE25 /* Resources */ = {
			isa = PBXResourcesBuildPhase;
			buildActionMask = 2147483647;
			files = (
				75F512222325890E007CDE25 /* LaunchScreen.storyboard in Resources */,
				75F5121F2325890E007CDE25 /* Assets.xcassets in Resources */,
				75F5121D2325890D007CDE25 /* Main.storyboard in Resources */,
			);
			runOnlyForDeploymentPostprocessing = 0;
		};
		75F512262325890E007CDE25 /* Resources */ = {
			isa = PBXResourcesBuildPhase;
			buildActionMask = 2147483647;
			files = (
			);
			runOnlyForDeploymentPostprocessing = 0;
		};
		75F512312325890E007CDE25 /* Resources */ = {
			isa = PBXResourcesBuildPhase;
			buildActionMask = 2147483647;
			files = (
			);
			runOnlyForDeploymentPostprocessing = 0;
		};
/* End PBXResourcesBuildPhase section */

/* Begin PBXSourcesBuildPhase section */
		75F512102325890D007CDE25 /* Sources */ = {
			isa = PBXSourcesBuildPhase;
			buildActionMask = 2147483647;
			files = (
				75F5121A2325890D007CDE25 /* ViewController.swift in Sources */,
				75F512182325890D007CDE25 /* AppDelegate.swift in Sources */,
				75B1D7782465C8FC004FC9A8 /* SettingsViewController.swift in Sources */,
			);
			runOnlyForDeploymentPostprocessing = 0;
		};
		75F512242325890E007CDE25 /* Sources */ = {
			isa = PBXSourcesBuildPhase;
			buildActionMask = 2147483647;
			files = (
				75F5122D2325890E007CDE25 /* SIGTests.swift in Sources */,
			);
			runOnlyForDeploymentPostprocessing = 0;
		};
		75F5122F2325890E007CDE25 /* Sources */ = {
			isa = PBXSourcesBuildPhase;
			buildActionMask = 2147483647;
			files = (
				75F512382325890E007CDE25 /* SIGUITests.swift in Sources */,
			);
			runOnlyForDeploymentPostprocessing = 0;
		};
/* End PBXSourcesBuildPhase section */

/* Begin PBXTargetDependency section */
		75F5122A2325890E007CDE25 /* PBXTargetDependency */ = {
			isa = PBXTargetDependency;
			target = 75F512132325890D007CDE25 /* SIG */;
			targetProxy = 75F512292325890E007CDE25 /* PBXContainerItemProxy */;
		};
		75F512352325890E007CDE25 /* PBXTargetDependency */ = {
			isa = PBXTargetDependency;
			target = 75F512132325890D007CDE25 /* SIG */;
			targetProxy = 75F512342325890E007CDE25 /* PBXContainerItemProxy */;
		};
/* End PBXTargetDependency section */

/* Begin PBXVariantGroup section */
		75F5121B2325890D007CDE25 /* Main.storyboard */ = {
			isa = PBXVariantGroup;
			children = (
				75F5121C2325890D007CDE25 /* Base */,
			);
			name = Main.storyboard;
			sourceTree = "<group>";
		};
		75F512202325890E007CDE25 /* LaunchScreen.storyboard */ = {
			isa = PBXVariantGroup;
			children = (
				75F512212325890E007CDE25 /* Base */,
			);
			name = LaunchScreen.storyboard;
			sourceTree = "<group>";
		};
/* End PBXVariantGroup section */

/* Begin XCBuildConfiguration section */
		75F5123A2325890E007CDE25 /* Debug */ = {
			isa = XCBuildConfiguration;
			buildSettings = {
				ALWAYS_SEARCH_USER_PATHS = NO;
				CLANG_ANALYZER_NONNULL = YES;
				CLANG_ANALYZER_NUMBER_OBJECT_CONVERSION = YES_AGGRESSIVE;
				CLANG_CXX_LANGUAGE_STANDARD = "gnu++14";
				CLANG_CXX_LIBRARY = "libc++";
				CLANG_ENABLE_MODULES = YES;
				CLANG_ENABLE_OBJC_ARC = YES;
				CLANG_ENABLE_OBJC_WEAK = YES;
				CLANG_WARN_BLOCK_CAPTURE_AUTORELEASING = YES;
				CLANG_WARN_BOOL_CONVERSION = YES;
				CLANG_WARN_COMMA = YES;
				CLANG_WARN_CONSTANT_CONVERSION = YES;
				CLANG_WARN_DEPRECATED_OBJC_IMPLEMENTATIONS = YES;
				CLANG_WARN_DIRECT_OBJC_ISA_USAGE = YES_ERROR;
				CLANG_WARN_DOCUMENTATION_COMMENTS = YES;
				CLANG_WARN_EMPTY_BODY = YES;
				CLANG_WARN_ENUM_CONVERSION = YES;
				CLANG_WARN_INFINITE_RECURSION = YES;
				CLANG_WARN_INT_CONVERSION = YES;
				CLANG_WARN_NON_LITERAL_NULL_CONVERSION = YES;
				CLANG_WARN_OBJC_IMPLICIT_RETAIN_SELF = YES;
				CLANG_WARN_OBJC_LITERAL_CONVERSION = YES;
				CLANG_WARN_OBJC_ROOT_CLASS = YES_ERROR;
				CLANG_WARN_RANGE_LOOP_ANALYSIS = YES;
				CLANG_WARN_STRICT_PROTOTYPES = YES;
				CLANG_WARN_SUSPICIOUS_MOVE = YES;
				CLANG_WARN_UNGUARDED_AVAILABILITY = YES_AGGRESSIVE;
				CLANG_WARN_UNREACHABLE_CODE = YES;
				CLANG_WARN__DUPLICATE_METHOD_MATCH = YES;
				CODE_SIGN_IDENTITY = "iPhone Developer";
				COPY_PHASE_STRIP = NO;
				DEBUG_INFORMATION_FORMAT = dwarf;
				ENABLE_STRICT_OBJC_MSGSEND = YES;
				ENABLE_TESTABILITY = YES;
				GCC_C_LANGUAGE_STANDARD = gnu11;
				GCC_DYNAMIC_NO_PIC = NO;
				GCC_NO_COMMON_BLOCKS = YES;
				GCC_OPTIMIZATION_LEVEL = 0;
				GCC_PREPROCESSOR_DEFINITIONS = (
					"DEBUG=1",
					"$(inherited)",
				);
				GCC_WARN_64_TO_32_BIT_CONVERSION = YES;
				GCC_WARN_ABOUT_RETURN_TYPE = YES_ERROR;
				GCC_WARN_UNDECLARED_SELECTOR = YES;
				GCC_WARN_UNINITIALIZED_AUTOS = YES_AGGRESSIVE;
				GCC_WARN_UNUSED_FUNCTION = YES;
				GCC_WARN_UNUSED_VARIABLE = YES;
				IPHONEOS_DEPLOYMENT_TARGET = 12.4;
				MTL_ENABLE_DEBUG_INFO = INCLUDE_SOURCE;
				MTL_FAST_MATH = YES;
				ONLY_ACTIVE_ARCH = YES;
				SDKROOT = iphoneos;
				SWIFT_ACTIVE_COMPILATION_CONDITIONS = DEBUG;
				SWIFT_OPTIMIZATION_LEVEL = "-Onone";
			};
			name = Debug;
		};
		75F5123B2325890E007CDE25 /* Release */ = {
			isa = XCBuildConfiguration;
			buildSettings = {
				ALWAYS_SEARCH_USER_PATHS = NO;
				CLANG_ANALYZER_NONNULL = YES;
				CLANG_ANALYZER_NUMBER_OBJECT_CONVERSION = YES_AGGRESSIVE;
				CLANG_CXX_LANGUAGE_STANDARD = "gnu++14";
				CLANG_CXX_LIBRARY = "libc++";
				CLANG_ENABLE_MODULES = YES;
				CLANG_ENABLE_OBJC_ARC = YES;
				CLANG_ENABLE_OBJC_WEAK = YES;
				CLANG_WARN_BLOCK_CAPTURE_AUTORELEASING = YES;
				CLANG_WARN_BOOL_CONVERSION = YES;
				CLANG_WARN_COMMA = YES;
				CLANG_WARN_CONSTANT_CONVERSION = YES;
				CLANG_WARN_DEPRECATED_OBJC_IMPLEMENTATIONS = YES;
				CLANG_WARN_DIRECT_OBJC_ISA_USAGE = YES_ERROR;
				CLANG_WARN_DOCUMENTATION_COMMENTS = YES;
				CLANG_WARN_EMPTY_BODY = YES;
				CLANG_WARN_ENUM_CONVERSION = YES;
				CLANG_WARN_INFINITE_RECURSION = YES;
				CLANG_WARN_INT_CONVERSION = YES;
				CLANG_WARN_NON_LITERAL_NULL_CONVERSION = YES;
				CLANG_WARN_OBJC_IMPLICIT_RETAIN_SELF = YES;
				CLANG_WARN_OBJC_LITERAL_CONVERSION = YES;
				CLANG_WARN_OBJC_ROOT_CLASS = YES_ERROR;
				CLANG_WARN_RANGE_LOOP_ANALYSIS = YES;
				CLANG_WARN_STRICT_PROTOTYPES = YES;
				CLANG_WARN_SUSPICIOUS_MOVE = YES;
				CLANG_WARN_UNGUARDED_AVAILABILITY = YES_AGGRESSIVE;
				CLANG_WARN_UNREACHABLE_CODE = YES;
				CLANG_WARN__DUPLICATE_METHOD_MATCH = YES;
				CODE_SIGN_IDENTITY = "iPhone Developer";
				COPY_PHASE_STRIP = NO;
				DEBUG_INFORMATION_FORMAT = "dwarf-with-dsym";
				ENABLE_NS_ASSERTIONS = NO;
				ENABLE_STRICT_OBJC_MSGSEND = YES;
				GCC_C_LANGUAGE_STANDARD = gnu11;
				GCC_NO_COMMON_BLOCKS = YES;
				GCC_WARN_64_TO_32_BIT_CONVERSION = YES;
				GCC_WARN_ABOUT_RETURN_TYPE = YES_ERROR;
				GCC_WARN_UNDECLARED_SELECTOR = YES;
				GCC_WARN_UNINITIALIZED_AUTOS = YES_AGGRESSIVE;
				GCC_WARN_UNUSED_FUNCTION = YES;
				GCC_WARN_UNUSED_VARIABLE = YES;
				IPHONEOS_DEPLOYMENT_TARGET = 12.4;
				MTL_ENABLE_DEBUG_INFO = NO;
				MTL_FAST_MATH = YES;
				SDKROOT = iphoneos;
				SWIFT_COMPILATION_MODE = wholemodule;
				SWIFT_OPTIMIZATION_LEVEL = "-O";
				VALIDATE_PRODUCT = YES;
			};
			name = Release;
		};
		75F5123D2325890E007CDE25 /* Debug */ = {
			isa = XCBuildConfiguration;
			buildSettings = {
				ASSETCATALOG_COMPILER_APPICON_NAME = AppIcon;
				CODE_SIGN_STYLE = Automatic;
				DEVELOPMENT_TEAM = NRYJ47QJ4A;
				INFOPLIST_FILE = SIG/Info.plist;
				LD_RUNPATH_SEARCH_PATHS = (
					"$(inherited)",
					"@executable_path/Frameworks",
				);
				PRODUCT_BUNDLE_IDENTIFIER = NSD.SIG;
				PRODUCT_NAME = "$(TARGET_NAME)";
				SWIFT_VERSION = 5.0;
				TARGETED_DEVICE_FAMILY = "1,2";
			};
			name = Debug;
		};
		75F5123E2325890E007CDE25 /* Release */ = {
			isa = XCBuildConfiguration;
			buildSettings = {
				ASSETCATALOG_COMPILER_APPICON_NAME = AppIcon;
				CODE_SIGN_STYLE = Automatic;
				DEVELOPMENT_TEAM = NRYJ47QJ4A;
				INFOPLIST_FILE = SIG/Info.plist;
				LD_RUNPATH_SEARCH_PATHS = (
					"$(inherited)",
					"@executable_path/Frameworks",
				);
				PRODUCT_BUNDLE_IDENTIFIER = NSD.SIG;
				PRODUCT_NAME = "$(TARGET_NAME)";
				SWIFT_VERSION = 5.0;
				TARGETED_DEVICE_FAMILY = "1,2";
			};
			name = Release;
		};
		75F512402325890E007CDE25 /* Debug */ = {
			isa = XCBuildConfiguration;
			buildSettings = {
				ALWAYS_EMBED_SWIFT_STANDARD_LIBRARIES = YES;
				BUNDLE_LOADER = "$(TEST_HOST)";
				CODE_SIGN_STYLE = Automatic;
				DEVELOPMENT_TEAM = NRYJ47QJ4A;
				INFOPLIST_FILE = SIGTests/Info.plist;
				LD_RUNPATH_SEARCH_PATHS = (
					"$(inherited)",
					"@executable_path/Frameworks",
					"@loader_path/Frameworks",
				);
				PRODUCT_BUNDLE_IDENTIFIER = NSD.SIGTests;
				PRODUCT_NAME = "$(TARGET_NAME)";
				SWIFT_VERSION = 5.0;
				TARGETED_DEVICE_FAMILY = "1,2";
				TEST_HOST = "$(BUILT_PRODUCTS_DIR)/SIG.app/SIG";
			};
			name = Debug;
		};
		75F512412325890E007CDE25 /* Release */ = {
			isa = XCBuildConfiguration;
			buildSettings = {
				ALWAYS_EMBED_SWIFT_STANDARD_LIBRARIES = YES;
				BUNDLE_LOADER = "$(TEST_HOST)";
				CODE_SIGN_STYLE = Automatic;
				DEVELOPMENT_TEAM = NRYJ47QJ4A;
				INFOPLIST_FILE = SIGTests/Info.plist;
				LD_RUNPATH_SEARCH_PATHS = (
					"$(inherited)",
					"@executable_path/Frameworks",
					"@loader_path/Frameworks",
				);
				PRODUCT_BUNDLE_IDENTIFIER = NSD.SIGTests;
				PRODUCT_NAME = "$(TARGET_NAME)";
				SWIFT_VERSION = 5.0;
				TARGETED_DEVICE_FAMILY = "1,2";
				TEST_HOST = "$(BUILT_PRODUCTS_DIR)/SIG.app/SIG";
			};
			name = Release;
		};
		75F512432325890E007CDE25 /* Debug */ = {
			isa = XCBuildConfiguration;
			buildSettings = {
				ALWAYS_EMBED_SWIFT_STANDARD_LIBRARIES = YES;
				CODE_SIGN_STYLE = Automatic;
				DEVELOPMENT_TEAM = NRYJ47QJ4A;
				INFOPLIST_FILE = SIGUITests/Info.plist;
				LD_RUNPATH_SEARCH_PATHS = (
					"$(inherited)",
					"@executable_path/Frameworks",
					"@loader_path/Frameworks",
				);
				PRODUCT_BUNDLE_IDENTIFIER = NSD.SIGUITests;
				PRODUCT_NAME = "$(TARGET_NAME)";
				SWIFT_VERSION = 5.0;
				TARGETED_DEVICE_FAMILY = "1,2";
				TEST_TARGET_NAME = SIG;
			};
			name = Debug;
		};
		75F512442325890E007CDE25 /* Release */ = {
			isa = XCBuildConfiguration;
			buildSettings = {
				ALWAYS_EMBED_SWIFT_STANDARD_LIBRARIES = YES;
				CODE_SIGN_STYLE = Automatic;
				DEVELOPMENT_TEAM = NRYJ47QJ4A;
				INFOPLIST_FILE = SIGUITests/Info.plist;
				LD_RUNPATH_SEARCH_PATHS = (
					"$(inherited)",
					"@executable_path/Frameworks",
					"@loader_path/Frameworks",
				);
				PRODUCT_BUNDLE_IDENTIFIER = NSD.SIGUITests;
				PRODUCT_NAME = "$(TARGET_NAME)";
				SWIFT_VERSION = 5.0;
				TARGETED_DEVICE_FAMILY = "1,2";
				TEST_TARGET_NAME = SIG;
			};
			name = Release;
		};
/* End XCBuildConfiguration section */

/* Begin XCConfigurationList section */
		75F5120F2325890D007CDE25 /* Build configuration list for PBXProject "SIG" */ = {
			isa = XCConfigurationList;
			buildConfigurations = (
				75F5123A2325890E007CDE25 /* Debug */,
				75F5123B2325890E007CDE25 /* Release */,
			);
			defaultConfigurationIsVisible = 0;
			defaultConfigurationName = Release;
		};
		75F5123C2325890E007CDE25 /* Build configuration list for PBXNativeTarget "SIG" */ = {
			isa = XCConfigurationList;
			buildConfigurations = (
				75F5123D2325890E007CDE25 /* Debug */,
				75F5123E2325890E007CDE25 /* Release */,
			);
			defaultConfigurationIsVisible = 0;
			defaultConfigurationName = Release;
		};
		75F5123F2325890E007CDE25 /* Build configuration list for PBXNativeTarget "SIGTests" */ = {
			isa = XCConfigurationList;
			buildConfigurations = (
				75F512402325890E007CDE25 /* Debug */,
				75F512412325890E007CDE25 /* Release */,
			);
			defaultConfigurationIsVisible = 0;
			defaultConfigurationName = Release;
		};
		75F512422325890E007CDE25 /* Build configuration list for PBXNativeTarget "SIGUITests" */ = {
			isa = XCConfigurationList;
			buildConfigurations = (
				75F512432325890E007CDE25 /* Debug */,
				75F512442325890E007CDE25 /* Release */,
			);
			defaultConfigurationIsVisible = 0;
			defaultConfigurationName = Release;
		};
/* End XCConfigurationList section */
	};
	rootObject = 75F5120C2325890D007CDE25 /* Project object */;
}
